// !$*UTF8*$!
{
	archiveVersion = 1;
	classes = {
	};
	objectVersion = 56;
	objects = {

/* Begin PBXBuildFile section */
		C009ED252ACE26DC0030A180 /* AudioKit in Frameworks */ = {isa = PBXBuildFile; productRef = C009ED242ACE26DC0030A180 /* AudioKit */; };
		C03719452ACBC8CB00301BE0 /* TipsyTongueApp.swift in Sources */ = {isa = PBXBuildFile; fileRef = C03719442ACBC8CB00301BE0 /* TipsyTongueApp.swift */; };
		C03719472ACBC8CB00301BE0 /* ContentView.swift in Sources */ = {isa = PBXBuildFile; fileRef = C03719462ACBC8CB00301BE0 /* ContentView.swift */; };
		C03719492ACBC8CC00301BE0 /* Assets.xcassets in Resources */ = {isa = PBXBuildFile; fileRef = C03719482ACBC8CC00301BE0 /* Assets.xcassets */; };
		C037194C2ACBC8CC00301BE0 /* Preview Assets.xcassets in Resources */ = {isa = PBXBuildFile; fileRef = C037194B2ACBC8CC00301BE0 /* Preview Assets.xcassets */; };
		C03719572ACBCF1600301BE0 /* AudioJammer.swift in Sources */ = {isa = PBXBuildFile; fileRef = C03719562ACBCF1600301BE0 /* AudioJammer.swift */; };
		C040052E2DB83713009B511B /* SupportView.swift in Sources */ = {isa = PBXBuildFile; fileRef = C040052D2DB83713009B511B /* SupportView.swift */; };
		C054A6ED2ACCBDBF009B0CA5 /* GoogleService-Info.plist in Resources */ = {isa = PBXBuildFile; fileRef = C054A6EC2ACCBDBF009B0CA5 /* GoogleService-Info.plist */; };
		C073E4462AD0875800C1A103 /* OptionsView.swift in Sources */ = {isa = PBXBuildFile; fileRef = C073E4452AD0875800C1A103 /* OptionsView.swift */; };
		C0C808942AD7798F0070E679 /* FirebaseAnalytics in Frameworks */ = {isa = PBXBuildFile; productRef = C0C808932AD7798F0070E679 /* FirebaseAnalytics */; };
		C0C808962AD7798F0070E679 /* FirebaseAnalyticsOnDeviceConversion in Frameworks */ = {isa = PBXBuildFile; productRef = C0C808952AD7798F0070E679 /* FirebaseAnalyticsOnDeviceConversion */; };
		C0C808982AD7798F0070E679 /* FirebaseAnalyticsSwift in Frameworks */ = {isa = PBXBuildFile; productRef = C0C808972AD7798F0070E679 /* FirebaseAnalyticsSwift */; };
		C0C8089A2AD7798F0070E679 /* FirebaseAnalyticsWithoutAdIdSupport in Frameworks */ = {isa = PBXBuildFile; productRef = C0C808992AD7798F0070E679 /* FirebaseAnalyticsWithoutAdIdSupport */; };
		C0C8089C2AD7798F0070E679 /* FirebaseAppCheck in Frameworks */ = {isa = PBXBuildFile; productRef = C0C8089B2AD7798F0070E679 /* FirebaseAppCheck */; };
		C0C8089E2AD779A00070E679 /* FirebaseFirestore in Frameworks */ = {isa = PBXBuildFile; productRef = C0C8089D2AD779A00070E679 /* FirebaseFirestore */; };
		C0C808A12AD78A460070E679 /* AlertToast in Frameworks */ = {isa = PBXBuildFile; productRef = C0C808A02AD78A460070E679 /* AlertToast */; };
		C0D2ED682ACCD477007F7052 /* StoreKit.framework in Frameworks */ = {isa = PBXBuildFile; fileRef = C0D2ED672ACCD477007F7052 /* StoreKit.framework */; };
		C0D2ED6A2ACCD49B007F7052 /* TipJarViewModel.swift in Sources */ = {isa = PBXBuildFile; fileRef = C0D2ED692ACCD49A007F7052 /* TipJarViewModel.swift */; };
		C0D2ED6C2ACCD570007F7052 /* TipJarView.swift in Sources */ = {isa = PBXBuildFile; fileRef = C0D2ED6B2ACCD570007F7052 /* TipJarView.swift */; };
		C0FFA1B42B324B7B00D71021 /* HelpView.swift in Sources */ = {isa = PBXBuildFile; fileRef = C0FFA1B32B324B7B00D71021 /* HelpView.swift */; };
/* End PBXBuildFile section */

/* Begin PBXFileReference section */
		C03719412ACBC8CB00301BE0 /* Tipsy Tongue.app */ = {isa = PBXFileReference; explicitFileType = wrapper.application; includeInIndex = 0; path = "Tipsy Tongue.app"; sourceTree = BUILT_PRODUCTS_DIR; };
		C03719442ACBC8CB00301BE0 /* TipsyTongueApp.swift */ = {isa = PBXFileReference; lastKnownFileType = sourcecode.swift; path = TipsyTongueApp.swift; sourceTree = "<group>"; };
		C03719462ACBC8CB00301BE0 /* ContentView.swift */ = {isa = PBXFileReference; lastKnownFileType = sourcecode.swift; path = ContentView.swift; sourceTree = "<group>"; };
		C03719482ACBC8CC00301BE0 /* Assets.xcassets */ = {isa = PBXFileReference; lastKnownFileType = folder.assetcatalog; path = Assets.xcassets; sourceTree = "<group>"; };
		C037194B2ACBC8CC00301BE0 /* Preview Assets.xcassets */ = {isa = PBXFileReference; lastKnownFileType = folder.assetcatalog; path = "Preview Assets.xcassets"; sourceTree = "<group>"; };
		C03719562ACBCF1600301BE0 /* AudioJammer.swift */ = {isa = PBXFileReference; lastKnownFileType = sourcecode.swift; path = AudioJammer.swift; sourceTree = "<group>"; };
		C040052D2DB83713009B511B /* SupportView.swift */ = {isa = PBXFileReference; lastKnownFileType = sourcecode.swift; path = SupportView.swift; sourceTree = "<group>"; };
		C054A6EC2ACCBDBF009B0CA5 /* GoogleService-Info.plist */ = {isa = PBXFileReference; fileEncoding = 4; lastKnownFileType = text.plist.xml; path = "GoogleService-Info.plist"; sourceTree = "<group>"; };
		C073E4452AD0875800C1A103 /* OptionsView.swift */ = {isa = PBXFileReference; lastKnownFileType = sourcecode.swift; path = OptionsView.swift; sourceTree = "<group>"; };
		C073E4472AD09C5C00C1A103 /* Tipsy Tongue: Speech Jammer.storekit */ = {isa = PBXFileReference; lastKnownFileType = text; path = "Tipsy Tongue: Speech Jammer.storekit"; sourceTree = "<group>"; };
		C0D2ED662ACCCE81007F7052 /* Info.plist */ = {isa = PBXFileReference; lastKnownFileType = text.plist; path = Info.plist; sourceTree = "<group>"; };
		C0D2ED672ACCD477007F7052 /* StoreKit.framework */ = {isa = PBXFileReference; lastKnownFileType = wrapper.framework; name = StoreKit.framework; path = System/Library/Frameworks/StoreKit.framework; sourceTree = SDKROOT; };
		C0D2ED692ACCD49A007F7052 /* TipJarViewModel.swift */ = {isa = PBXFileReference; lastKnownFileType = sourcecode.swift; path = TipJarViewModel.swift; sourceTree = "<group>"; };
		C0D2ED6B2ACCD570007F7052 /* TipJarView.swift */ = {isa = PBXFileReference; lastKnownFileType = sourcecode.swift; path = TipJarView.swift; sourceTree = "<group>"; };
		C0FFA1B32B324B7B00D71021 /* HelpView.swift */ = {isa = PBXFileReference; lastKnownFileType = sourcecode.swift; path = HelpView.swift; sourceTree = "<group>"; };
/* End PBXFileReference section */

/* Begin PBXFrameworksBuildPhase section */
		C037193E2ACBC8CB00301BE0 /* Frameworks */ = {
			isa = PBXFrameworksBuildPhase;
			buildActionMask = 2147483647;
			files = (
				C009ED252ACE26DC0030A180 /* AudioKit in Frameworks */,
				C0C8089A2AD7798F0070E679 /* FirebaseAnalyticsWithoutAdIdSupport in Frameworks */,
				C0D2ED682ACCD477007F7052 /* StoreKit.framework in Frameworks */,
				C0C808A12AD78A460070E679 /* AlertToast in Frameworks */,
				C0C808942AD7798F0070E679 /* FirebaseAnalytics in Frameworks */,
				C0C8089C2AD7798F0070E679 /* FirebaseAppCheck in Frameworks */,
				C0C8089E2AD779A00070E679 /* FirebaseFirestore in Frameworks */,
				C0C808962AD7798F0070E679 /* FirebaseAnalyticsOnDeviceConversion in Frameworks */,
				C0C808982AD7798F0070E679 /* FirebaseAnalyticsSwift in Frameworks */,
			);
			runOnlyForDeploymentPostprocessing = 0;
		};
/* End PBXFrameworksBuildPhase section */

/* Begin PBXGroup section */
		C03719382ACBC8CB00301BE0 = {
			isa = PBXGroup;
			children = (
				C03719432ACBC8CB00301BE0 /* Tipsy Tongue */,
				C03719422ACBC8CB00301BE0 /* Products */,
				C054A6F92ACCC4FE009B0CA5 /* Frameworks */,
			);
			sourceTree = "<group>";
		};
		C03719422ACBC8CB00301BE0 /* Products */ = {
			isa = PBXGroup;
			children = (
				C03719412ACBC8CB00301BE0 /* Tipsy Tongue.app */,
			);
			name = Products;
			sourceTree = "<group>";
		};
		C03719432ACBC8CB00301BE0 /* Tipsy Tongue */ = {
			isa = PBXGroup;
			children = (
				C0D2ED662ACCCE81007F7052 /* Info.plist */,
				C03719442ACBC8CB00301BE0 /* TipsyTongueApp.swift */,
				C03719462ACBC8CB00301BE0 /* ContentView.swift */,
				C040052D2DB83713009B511B /* SupportView.swift */,
				C073E4452AD0875800C1A103 /* OptionsView.swift */,
				C0FFA1B32B324B7B00D71021 /* HelpView.swift */,
				C03719562ACBCF1600301BE0 /* AudioJammer.swift */,
				C0D2ED692ACCD49A007F7052 /* TipJarViewModel.swift */,
				C0D2ED6B2ACCD570007F7052 /* TipJarView.swift */,
				C073E4472AD09C5C00C1A103 /* Tipsy Tongue: Speech Jammer.storekit */,
				C03719482ACBC8CC00301BE0 /* Assets.xcassets */,
				C054A6EC2ACCBDBF009B0CA5 /* GoogleService-Info.plist */,
				C037194A2ACBC8CC00301BE0 /* Preview Content */,
			);
			path = "Tipsy Tongue";
			sourceTree = "<group>";
		};
		C037194A2ACBC8CC00301BE0 /* Preview Content */ = {
			isa = PBXGroup;
			children = (
				C037194B2ACBC8CC00301BE0 /* Preview Assets.xcassets */,
			);
			path = "Preview Content";
			sourceTree = "<group>";
		};
		C054A6F92ACCC4FE009B0CA5 /* Frameworks */ = {
			isa = PBXGroup;
			children = (
				C0D2ED672ACCD477007F7052 /* StoreKit.framework */,
			);
			name = Frameworks;
			sourceTree = "<group>";
		};
/* End PBXGroup section */

/* Begin PBXNativeTarget section */
		C03719402ACBC8CB00301BE0 /* Tipsy Tongue */ = {
			isa = PBXNativeTarget;
			buildConfigurationList = C037194F2ACBC8CC00301BE0 /* Build configuration list for PBXNativeTarget "Tipsy Tongue" */;
			buildPhases = (
				C037193D2ACBC8CB00301BE0 /* Sources */,
				C037193E2ACBC8CB00301BE0 /* Frameworks */,
				C037193F2ACBC8CB00301BE0 /* Resources */,
			);
			buildRules = (
			);
			dependencies = (
			);
			name = "Tipsy Tongue";
			packageProductDependencies = (
				C009ED242ACE26DC0030A180 /* AudioKit */,
				C0C808932AD7798F0070E679 /* FirebaseAnalytics */,
				C0C808952AD7798F0070E679 /* FirebaseAnalyticsOnDeviceConversion */,
				C0C808972AD7798F0070E679 /* FirebaseAnalyticsSwift */,
				C0C808992AD7798F0070E679 /* FirebaseAnalyticsWithoutAdIdSupport */,
				C0C8089B2AD7798F0070E679 /* FirebaseAppCheck */,
				C0C8089D2AD779A00070E679 /* FirebaseFirestore */,
				C0C808A02AD78A460070E679 /* AlertToast */,
			);
			productName = SpeechJammer;
			productReference = C03719412ACBC8CB00301BE0 /* Tipsy Tongue.app */;
			productType = "com.apple.product-type.application";
		};
/* End PBXNativeTarget section */

/* Begin PBXProject section */
		C03719392ACBC8CB00301BE0 /* Project object */ = {
			isa = PBXProject;
			attributes = {
				BuildIndependentTargetsInParallel = 1;
				LastSwiftUpdateCheck = 1500;
				LastUpgradeCheck = 1500;
				TargetAttributes = {
					C03719402ACBC8CB00301BE0 = {
						CreatedOnToolsVersion = 15.0;
					};
				};
			};
			buildConfigurationList = C037193C2ACBC8CB00301BE0 /* Build configuration list for PBXProject "Tipsy Tongue" */;
			compatibilityVersion = "Xcode 14.0";
			developmentRegion = en;
			hasScannedForEncodings = 0;
			knownRegions = (
				en,
				Base,
			);
			mainGroup = C03719382ACBC8CB00301BE0;
			packageReferences = (
				C009ED232ACE26DC0030A180 /* XCRemoteSwiftPackageReference "AudioKit" */,
				C0C808922AD7798F0070E679 /* XCRemoteSwiftPackageReference "firebase-ios-sdk" */,
				C0C8089F2AD78A460070E679 /* XCRemoteSwiftPackageReference "AlertToast" */,
			);
			productRefGroup = C03719422ACBC8CB00301BE0 /* Products */;
			projectDirPath = "";
			projectRoot = "";
			targets = (
				C03719402ACBC8CB00301BE0 /* Tipsy Tongue */,
			);
		};
/* End PBXProject section */

/* Begin PBXResourcesBuildPhase section */
		C037193F2ACBC8CB00301BE0 /* Resources */ = {
			isa = PBXResourcesBuildPhase;
			buildActionMask = 2147483647;
			files = (
				C037194C2ACBC8CC00301BE0 /* Preview Assets.xcassets in Resources */,
				C03719492ACBC8CC00301BE0 /* Assets.xcassets in Resources */,
				C054A6ED2ACCBDBF009B0CA5 /* GoogleService-Info.plist in Resources */,
			);
			runOnlyForDeploymentPostprocessing = 0;
		};
/* End PBXResourcesBuildPhase section */

/* Begin PBXSourcesBuildPhase section */
		C037193D2ACBC8CB00301BE0 /* Sources */ = {
			isa = PBXSourcesBuildPhase;
			buildActionMask = 2147483647;
			files = (
				C03719472ACBC8CB00301BE0 /* ContentView.swift in Sources */,
				C0D2ED6C2ACCD570007F7052 /* TipJarView.swift in Sources */,
				C03719572ACBCF1600301BE0 /* AudioJammer.swift in Sources */,
				C0FFA1B42B324B7B00D71021 /* HelpView.swift in Sources */,
				C040052E2DB83713009B511B /* SupportView.swift in Sources */,
				C073E4462AD0875800C1A103 /* OptionsView.swift in Sources */,
				C0D2ED6A2ACCD49B007F7052 /* TipJarViewModel.swift in Sources */,
				C03719452ACBC8CB00301BE0 /* TipsyTongueApp.swift in Sources */,
			);
			runOnlyForDeploymentPostprocessing = 0;
		};
/* End PBXSourcesBuildPhase section */

/* Begin XCBuildConfiguration section */
		C037194D2ACBC8CC00301BE0 /* Debug */ = {
			isa = XCBuildConfiguration;
			buildSettings = {
				ALWAYS_SEARCH_USER_PATHS = NO;
				ASSETCATALOG_COMPILER_GENERATE_SWIFT_ASSET_SYMBOL_EXTENSIONS = YES;
				CLANG_ANALYZER_NONNULL = YES;
				CLANG_ANALYZER_NUMBER_OBJECT_CONVERSION = YES_AGGRESSIVE;
				CLANG_CXX_LANGUAGE_STANDARD = "gnu++20";
				CLANG_ENABLE_MODULES = YES;
				CLANG_ENABLE_OBJC_ARC = YES;
				CLANG_ENABLE_OBJC_WEAK = YES;
				CLANG_WARN_BLOCK_CAPTURE_AUTORELEASING = YES;
				CLANG_WARN_BOOL_CONVERSION = YES;
				CLANG_WARN_COMMA = YES;
				CLANG_WARN_CONSTANT_CONVERSION = YES;
				CLANG_WARN_DEPRECATED_OBJC_IMPLEMENTATIONS = YES;
				CLANG_WARN_DIRECT_OBJC_ISA_USAGE = YES_ERROR;
				CLANG_WARN_DOCUMENTATION_COMMENTS = YES;
				CLANG_WARN_EMPTY_BODY = YES;
				CLANG_WARN_ENUM_CONVERSION = YES;
				CLANG_WARN_INFINITE_RECURSION = YES;
				CLANG_WARN_INT_CONVERSION = YES;
				CLANG_WARN_NON_LITERAL_NULL_CONVERSION = YES;
				CLANG_WARN_OBJC_IMPLICIT_RETAIN_SELF = YES;
				CLANG_WARN_OBJC_LITERAL_CONVERSION = YES;
				CLANG_WARN_OBJC_ROOT_CLASS = YES_ERROR;
				CLANG_WARN_QUOTED_INCLUDE_IN_FRAMEWORK_HEADER = YES;
				CLANG_WARN_RANGE_LOOP_ANALYSIS = YES;
				CLANG_WARN_STRICT_PROTOTYPES = YES;
				CLANG_WARN_SUSPICIOUS_MOVE = YES;
				CLANG_WARN_UNGUARDED_AVAILABILITY = YES_AGGRESSIVE;
				CLANG_WARN_UNREACHABLE_CODE = YES;
				CLANG_WARN__DUPLICATE_METHOD_MATCH = YES;
				COPY_PHASE_STRIP = NO;
				DEBUG_INFORMATION_FORMAT = dwarf;
				ENABLE_STRICT_OBJC_MSGSEND = YES;
				ENABLE_TESTABILITY = YES;
				ENABLE_USER_SCRIPT_SANDBOXING = YES;
				GCC_C_LANGUAGE_STANDARD = gnu17;
				GCC_DYNAMIC_NO_PIC = NO;
				GCC_NO_COMMON_BLOCKS = YES;
				GCC_OPTIMIZATION_LEVEL = 0;
				GCC_PREPROCESSOR_DEFINITIONS = (
					"DEBUG=1",
					"$(inherited)",
				);
				GCC_WARN_64_TO_32_BIT_CONVERSION = YES;
				GCC_WARN_ABOUT_RETURN_TYPE = YES_ERROR;
				GCC_WARN_UNDECLARED_SELECTOR = YES;
				GCC_WARN_UNINITIALIZED_AUTOS = YES_AGGRESSIVE;
				GCC_WARN_UNUSED_FUNCTION = YES;
				GCC_WARN_UNUSED_VARIABLE = YES;
				IPHONEOS_DEPLOYMENT_TARGET = 16.0;
				LOCALIZATION_PREFERS_STRING_CATALOGS = YES;
				MTL_ENABLE_DEBUG_INFO = INCLUDE_SOURCE;
				MTL_FAST_MATH = YES;
				ONLY_ACTIVE_ARCH = YES;
				SDKROOT = iphoneos;
				SWIFT_ACTIVE_COMPILATION_CONDITIONS = "DEBUG $(inherited)";
				SWIFT_OPTIMIZATION_LEVEL = "-Onone";
			};
			name = Debug;
		};
		C037194E2ACBC8CC00301BE0 /* Release */ = {
			isa = XCBuildConfiguration;
			buildSettings = {
				ALWAYS_SEARCH_USER_PATHS = NO;
				ASSETCATALOG_COMPILER_GENERATE_SWIFT_ASSET_SYMBOL_EXTENSIONS = YES;
				CLANG_ANALYZER_NONNULL = YES;
				CLANG_ANALYZER_NUMBER_OBJECT_CONVERSION = YES_AGGRESSIVE;
				CLANG_CXX_LANGUAGE_STANDARD = "gnu++20";
				CLANG_ENABLE_MODULES = YES;
				CLANG_ENABLE_OBJC_ARC = YES;
				CLANG_ENABLE_OBJC_WEAK = YES;
				CLANG_WARN_BLOCK_CAPTURE_AUTORELEASING = YES;
				CLANG_WARN_BOOL_CONVERSION = YES;
				CLANG_WARN_COMMA = YES;
				CLANG_WARN_CONSTANT_CONVERSION = YES;
				CLANG_WARN_DEPRECATED_OBJC_IMPLEMENTATIONS = YES;
				CLANG_WARN_DIRECT_OBJC_ISA_USAGE = YES_ERROR;
				CLANG_WARN_DOCUMENTATION_COMMENTS = YES;
				CLANG_WARN_EMPTY_BODY = YES;
				CLANG_WARN_ENUM_CONVERSION = YES;
				CLANG_WARN_INFINITE_RECURSION = YES;
				CLANG_WARN_INT_CONVERSION = YES;
				CLANG_WARN_NON_LITERAL_NULL_CONVERSION = YES;
				CLANG_WARN_OBJC_IMPLICIT_RETAIN_SELF = YES;
				CLANG_WARN_OBJC_LITERAL_CONVERSION = YES;
				CLANG_WARN_OBJC_ROOT_CLASS = YES_ERROR;
				CLANG_WARN_QUOTED_INCLUDE_IN_FRAMEWORK_HEADER = YES;
				CLANG_WARN_RANGE_LOOP_ANALYSIS = YES;
				CLANG_WARN_STRICT_PROTOTYPES = YES;
				CLANG_WARN_SUSPICIOUS_MOVE = YES;
				CLANG_WARN_UNGUARDED_AVAILABILITY = YES_AGGRESSIVE;
				CLANG_WARN_UNREACHABLE_CODE = YES;
				CLANG_WARN__DUPLICATE_METHOD_MATCH = YES;
				COPY_PHASE_STRIP = NO;
				DEBUG_INFORMATION_FORMAT = "dwarf-with-dsym";
				ENABLE_NS_ASSERTIONS = NO;
				ENABLE_STRICT_OBJC_MSGSEND = YES;
				ENABLE_USER_SCRIPT_SANDBOXING = YES;
				GCC_C_LANGUAGE_STANDARD = gnu17;
				GCC_NO_COMMON_BLOCKS = YES;
				GCC_WARN_64_TO_32_BIT_CONVERSION = YES;
				GCC_WARN_ABOUT_RETURN_TYPE = YES_ERROR;
				GCC_WARN_UNDECLARED_SELECTOR = YES;
				GCC_WARN_UNINITIALIZED_AUTOS = YES_AGGRESSIVE;
				GCC_WARN_UNUSED_FUNCTION = YES;
				GCC_WARN_UNUSED_VARIABLE = YES;
				IPHONEOS_DEPLOYMENT_TARGET = 16.0;
				LOCALIZATION_PREFERS_STRING_CATALOGS = YES;
				MTL_ENABLE_DEBUG_INFO = NO;
				MTL_FAST_MATH = YES;
				SDKROOT = iphoneos;
				SWIFT_COMPILATION_MODE = wholemodule;
				VALIDATE_PRODUCT = YES;
			};
			name = Release;
		};
		C03719502ACBC8CC00301BE0 /* Debug */ = {
			isa = XCBuildConfiguration;
			buildSettings = {
				ASSETCATALOG_COMPILER_APPICON_NAME = AppIcon;
				ASSETCATALOG_COMPILER_GLOBAL_ACCENT_COLOR_NAME = AccentColor;
				CODE_SIGN_STYLE = Automatic;
				CURRENT_PROJECT_VERSION = 1;
				DEVELOPMENT_ASSET_PATHS = "\"Tipsy Tongue/Preview Content\"";
				DEVELOPMENT_TEAM = 5SGZH379X4;
				ENABLE_PREVIEWS = YES;
				GENERATE_INFOPLIST_FILE = YES;
				INFOPLIST_FILE = "Tipsy Tongue/Info.plist";
				INFOPLIST_KEY_CFBundleDisplayName = "Tipsy Tongue";
				INFOPLIST_KEY_LSApplicationCategoryType = "public.app-category.entertainment";
				INFOPLIST_KEY_NSMicrophoneUsageDescription = "We need access to your microphone to record audio to play back.";
				INFOPLIST_KEY_UIApplicationSceneManifest_Generation = YES;
				INFOPLIST_KEY_UIApplicationSupportsIndirectInputEvents = YES;
				INFOPLIST_KEY_UILaunchScreen_Generation = YES;
				INFOPLIST_KEY_UISupportedInterfaceOrientations = UIInterfaceOrientationPortrait;
				INFOPLIST_KEY_UISupportedInterfaceOrientations_iPad = "UIInterfaceOrientationLandscapeLeft UIInterfaceOrientationLandscapeRight UIInterfaceOrientationPortrait UIInterfaceOrientationPortraitUpsideDown";
				IPHONEOS_DEPLOYMENT_TARGET = 16.6;
				LD_RUNPATH_SEARCH_PATHS = (
					"$(inherited)",
					"@executable_path/Frameworks",
				);
				MARKETING_VERSION = 1.0.4;
				PRODUCT_BUNDLE_IDENTIFIER = me.jareddanieljones.SpeechJammer;
				PRODUCT_NAME = "$(TARGET_NAME)";
				SWIFT_EMIT_LOC_STRINGS = YES;
				SWIFT_VERSION = 5.0;
				TARGETED_DEVICE_FAMILY = "1,2";
			};
			name = Debug;
		};
		C03719512ACBC8CC00301BE0 /* Release */ = {
			isa = XCBuildConfiguration;
			buildSettings = {
				ASSETCATALOG_COMPILER_APPICON_NAME = AppIcon;
				ASSETCATALOG_COMPILER_GLOBAL_ACCENT_COLOR_NAME = AccentColor;
				CODE_SIGN_STYLE = Automatic;
				CURRENT_PROJECT_VERSION = 1;
				DEVELOPMENT_ASSET_PATHS = "\"Tipsy Tongue/Preview Content\"";
				DEVELOPMENT_TEAM = 5SGZH379X4;
				ENABLE_PREVIEWS = YES;
				GENERATE_INFOPLIST_FILE = YES;
				INFOPLIST_FILE = "Tipsy Tongue/Info.plist";
				INFOPLIST_KEY_CFBundleDisplayName = "Tipsy Tongue";
				INFOPLIST_KEY_LSApplicationCategoryType = "public.app-category.entertainment";
				INFOPLIST_KEY_NSMicrophoneUsageDescription = "We need access to your microphone to record audio to play back.";
				INFOPLIST_KEY_UIApplicationSceneManifest_Generation = YES;
				INFOPLIST_KEY_UIApplicationSupportsIndirectInputEvents = YES;
				INFOPLIST_KEY_UILaunchScreen_Generation = YES;
				INFOPLIST_KEY_UISupportedInterfaceOrientations = UIInterfaceOrientationPortrait;
				INFOPLIST_KEY_UISupportedInterfaceOrientations_iPad = "UIInterfaceOrientationLandscapeLeft UIInterfaceOrientationLandscapeRight UIInterfaceOrientationPortrait UIInterfaceOrientationPortraitUpsideDown";
				IPHONEOS_DEPLOYMENT_TARGET = 16.6;
				LD_RUNPATH_SEARCH_PATHS = (
					"$(inherited)",
					"@executable_path/Frameworks",
				);
				MARKETING_VERSION = 1.0.4;
				PRODUCT_BUNDLE_IDENTIFIER = me.jareddanieljones.SpeechJammer;
				PRODUCT_NAME = "$(TARGET_NAME)";
				SWIFT_EMIT_LOC_STRINGS = YES;
				SWIFT_VERSION = 5.0;
				TARGETED_DEVICE_FAMILY = "1,2";
			};
			name = Release;
		};
/* End XCBuildConfiguration section */

/* Begin XCConfigurationList section */
		C037193C2ACBC8CB00301BE0 /* Build configuration list for PBXProject "Tipsy Tongue" */ = {
			isa = XCConfigurationList;
			buildConfigurations = (
				C037194D2ACBC8CC00301BE0 /* Debug */,
				C037194E2ACBC8CC00301BE0 /* Release */,
			);
			defaultConfigurationIsVisible = 0;
			defaultConfigurationName = Release;
		};
		C037194F2ACBC8CC00301BE0 /* Build configuration list for PBXNativeTarget "Tipsy Tongue" */ = {
			isa = XCConfigurationList;
			buildConfigurations = (
				C03719502ACBC8CC00301BE0 /* Debug */,
				C03719512ACBC8CC00301BE0 /* Release */,
			);
			defaultConfigurationIsVisible = 0;
			defaultConfigurationName = Release;
		};
/* End XCConfigurationList section */

/* Begin XCRemoteSwiftPackageReference section */
		C009ED232ACE26DC0030A180 /* XCRemoteSwiftPackageReference "AudioKit" */ = {
			isa = XCRemoteSwiftPackageReference;
			repositoryURL = "https://github.com/AudioKit/AudioKit.git";
			requirement = {
				kind = upToNextMajorVersion;
				minimumVersion = 5.6.1;
			};
		};
		C0C808922AD7798F0070E679 /* XCRemoteSwiftPackageReference "firebase-ios-sdk" */ = {
			isa = XCRemoteSwiftPackageReference;
			repositoryURL = "https://github.com/firebase/firebase-ios-sdk";
			requirement = {
				kind = upToNextMajorVersion;
				minimumVersion = 10.16.0;
			};
		};
		C0C8089F2AD78A460070E679 /* XCRemoteSwiftPackageReference "AlertToast" */ = {
			isa = XCRemoteSwiftPackageReference;
			repositoryURL = "https://github.com/elai950/AlertToast";
			requirement = {
				kind = upToNextMajorVersion;
				minimumVersion = 1.3.9;
			};
		};
/* End XCRemoteSwiftPackageReference section */

/* Begin XCSwiftPackageProductDependency section */
		C009ED242ACE26DC0030A180 /* AudioKit */ = {
			isa = XCSwiftPackageProductDependency;
			package = C009ED232ACE26DC0030A180 /* XCRemoteSwiftPackageReference "AudioKit" */;
			productName = AudioKit;
		};
		C0C808932AD7798F0070E679 /* FirebaseAnalytics */ = {
			isa = XCSwiftPackageProductDependency;
			package = C0C808922AD7798F0070E679 /* XCRemoteSwiftPackageReference "firebase-ios-sdk" */;
			productName = FirebaseAnalytics;
		};
		C0C808952AD7798F0070E679 /* FirebaseAnalyticsOnDeviceConversion */ = {
			isa = XCSwiftPackageProductDependency;
			package = C0C808922AD7798F0070E679 /* XCRemoteSwiftPackageReference "firebase-ios-sdk" */;
			productName = FirebaseAnalyticsOnDeviceConversion;
		};
		C0C808972AD7798F0070E679 /* FirebaseAnalyticsSwift */ = {
			isa = XCSwiftPackageProductDependency;
			package = C0C808922AD7798F0070E679 /* XCRemoteSwiftPackageReference "firebase-ios-sdk" */;
			productName = FirebaseAnalyticsSwift;
		};
		C0C808992AD7798F0070E679 /* FirebaseAnalyticsWithoutAdIdSupport */ = {
			isa = XCSwiftPackageProductDependency;
			package = C0C808922AD7798F0070E679 /* XCRemoteSwiftPackageReference "firebase-ios-sdk" */;
			productName = FirebaseAnalyticsWithoutAdIdSupport;
		};
		C0C8089B2AD7798F0070E679 /* FirebaseAppCheck */ = {
			isa = XCSwiftPackageProductDependency;
			package = C0C808922AD7798F0070E679 /* XCRemoteSwiftPackageReference "firebase-ios-sdk" */;
			productName = FirebaseAppCheck;
		};
		C0C8089D2AD779A00070E679 /* FirebaseFirestore */ = {
			isa = XCSwiftPackageProductDependency;
			package = C0C808922AD7798F0070E679 /* XCRemoteSwiftPackageReference "firebase-ios-sdk" */;
			productName = FirebaseFirestore;
		};
		C0C808A02AD78A460070E679 /* AlertToast */ = {
			isa = XCSwiftPackageProductDependency;
			package = C0C8089F2AD78A460070E679 /* XCRemoteSwiftPackageReference "AlertToast" */;
			productName = AlertToast;
		};
/* End XCSwiftPackageProductDependency section */
	};
	rootObject = C03719392ACBC8CB00301BE0 /* Project object */;
}
